%{
  "bandit": {:hex, :bandit, "1.12.0", "6c5214daa2469644ac4ab0113b98abc24f75e348378e6a974c6343b3e5da22ef", [:mix], [{:hpax, "~> 1.0", [hex: :hpax, repo: "hexpm", optional: false]}, {:plug, "~> 1.18", [hex: :plug, repo: "hexpm", optional: false]}, {:telemetry, "~> 0.4 or ~> 1.0", [hex: :telemetry, repo: "hexpm", optional: false]}, {:thousand_island, "~> 1.5", [hex: :thousand_island, repo: "hexpm", optional: false]}, {:websock, "~> 0.5", [hex: :websock, repo: "hexpm", optional: false]}], "hexpm", "45dac82dc86f45cf4a196dee9cc5a8b791d9c9469d996055f055e6ee36c66e20"},
  "bunt": {:hex, :bunt, "1.0.0", "081c2c665f086849e6d57900292b3a161727ab40431219529f13c4ddcf3e7a44", [:mix], [], "hexpm", "dc5f86aa08a5f6fa6b8096f0735c4e76d54ae5c9fa2c143e5a1fc7c1cd9bb6b5"},
  "castle": {:hex, :castle, "0.3.1", "e5d4f20696d878052a23c13158e1d372b24d9b30a6ea6f52fa6063c21c5ad67e", [:mix], [{:forecastle, "~> 0.1.3", [hex: :forecastle, repo: "hexpm", optional: false]}], "hexpm", "3ee9ca04b069280ab4197fe753562958729c83b3aa08125255116a989e133835"},
  "castore": {:hex, :castore, "1.0.19", "6903cabdfd9d1af46454126e7c8385186659dd33ecfb74a885cae52221ad6109", [:mix], [], "hexpm", "3669e6cab13f54c2df26b3e6833745d647f35b6e30d8ddd5975df0d5c842ca98"},
  "certifi": {:hex, :certifi, "2.16.0", "a4edfc1d2da3424d478a3271133bf28e0ec5e6fd8c009aab5a4ae980cb165ce9", [:rebar3], [], "hexpm", "8a64f6669d85e9cc0e5086fcf29a5b13de57a13efa23d3582874b9a19303f184"},
  "cowboy": {:hex, :cowboy, "2.17.0", "059d6ae769214cedf55d115ce5bf38649ff6b32ec693067cf6b185d0ab1b53c3", [:make, :rebar3], [{:cowlib, ">= 2.18.0 and < 3.0.0", [hex: :cowlib, repo: "hexpm", optional: false]}, {:ranch, ">= 1.8.0 and < 3.0.0", [hex: :ranch, repo: "hexpm", optional: false]}], "hexpm", "84f0e4c9d5820342cd506472052b79336d0d9d3624e46303f6d0af9dc94e8d5f"},
  "cowboy_telemetry": {:hex, :cowboy_telemetry, "0.4.0", "f239f68b588efa7707abce16a84d0d2acf3a0f50571f8bb7f56a15865aae820c", [:rebar3], [{:cowboy, "~> 2.7", [hex: :cowboy, repo: "hexpm", optional: false]}, {:telemetry, "~> 1.0", [hex: :telemetry, repo: "hexpm", optional: false]}], "hexpm", "7d98bac1ee4565d31b62d59f8823dfd8356a169e7fcbb83831b8a5397404c9de"},
  "cowlib": {:hex, :cowlib, "2.18.0", "4a3ef8cb012c21c7cbb7c925f75405e26d7fcd393fd78c46187539dbc9a48310", [:make, :rebar3], [], "hexpm", "c4f89d33a61162d4cfdcb5a1af7e562d80a700b2573cc71020ce6521b152dc1a"},
  "credo": {:hex, :credo, "1.7.19", "cc52129665fc7c15143d47838fda0f9cd6dac9ceced7bf4da6f85fcbfe64b12a", [:mix], [{:bunt, "~> 0.2.1 or ~> 1.0", [hex: :bunt, repo: "hexpm", optional: false]}, {:file_system, "~> 0.2 or ~> 1.0", [hex: :file_system, repo: "hexpm", optional: false]}, {:jason, "~> 1.0", [hex: :jason, repo: "hexpm", optional: false]}], "hexpm", "2d8bc95d5a7bb99dd2613621d4f08c6a3575c3fd4b62e6a2b48a100352a557b8"},
  "crontab": {:hex, :crontab, "1.2.0", "503611820257939d5d0fd272eb2b454f48a470435a809479ddc2c40bb515495c", [:mix], [{:ecto, "~> 1.0 or ~> 2.0 or ~> 3.0", [hex: :ecto, repo: "hexpm", optional: true]}], "hexpm", "ebd7ef4d831e1b20fa4700f0de0284a04cac4347e813337978e25b4cc5cc2207"},
  "db_connection": {:hex, :db_connection, "2.10.2", "ae391e803a5adff104da913c2fc1c0c14a37f8b10001dcef568796e1fb7bf95c", [:mix], [{:telemetry, "~> 0.4 or ~> 1.0", [hex: :telemetry, repo: "hexpm", optional: false]}], "hexpm", "510b14482330f1af6490a2fa0efd8d4f1435d1529b165647df22ac0f2df0fa93"},
  "decimal": {:hex, :decimal, "3.1.1", "430d87b04011ce6cbd4fd205be758311a81f87d552d40904abd00f015935b1d0", [:mix], [], "hexpm", "c5f25f2ced74a0587d03e6023f595db8e924c9d3922c8c8ffd9edfc4498cf1f6"},
  "delta_crdt": {:hex, :delta_crdt, "0.6.5", "c7bb8c2c7e60f59e46557ab4e0224f67ba22f04c02826e273738f3dcc4767adc", [:mix], [{:merkle_map, "~> 0.2.0", [hex: :merkle_map, repo: "hexpm", optional: false]}, {:telemetry, "~> 0.4 or ~> 1.0", [hex: :telemetry, repo: "hexpm", optional: false]}], "hexpm", "c6ae23a525d30f96494186dd11bf19ed9ae21d9fe2c1f1b217d492a7cc7294ae"},
  "deps_nix": {:hex, :deps_nix, "3.0.0", "95c9c9d4cba005457cb8af48622e384bb188cd98df0215be74234513fabb8ee8", [:mix], [{:ex_nar, "~> 0.3.0", [hex: :ex_nar, repo: "hexpm", optional: false]}, {:mint, "~> 1.0", [hex: :mint, repo: "hexpm", optional: false]}], "hexpm", "ae558ae0ec167f942ffa7d963b91d2315b584caebde03191a750b880ad663111"},
  "ecto": {:hex, :ecto, "3.14.1", "7b740d87bdf45996aa0c2c2e081640906f10caa7ce5ba328fd294c7d49d0cc6f", [:mix], [{:decimal, "~> 3.0", [hex: :decimal, repo: "hexpm", optional: false]}, {:jason, "~> 1.0", [hex: :jason, repo: "hexpm", optional: true]}, {:telemetry, "~> 0.4 or ~> 1.0", [hex: :telemetry, repo: "hexpm", optional: false]}], "hexpm", "24b991956796700f467d0a3ef3d303138a3ef9ddddf8b98f43758ee067b20a30"},
  "ecto_sql": {:hex, :ecto_sql, "3.14.0", "06446ab8410d2f85bfbb80857ee224ab3b693700cbb38f6535d507449a627b2e", [:mix], [{:db_connection, "~> 2.9", [hex: :db_connection, repo: "hexpm", optional: false]}, {:decimal, "~> 3.0", [hex: :decimal, repo: "hexpm", optional: false]}, {:ecto, "~> 3.14.0", [hex: :ecto, repo: "hexpm", optional: false]}, {:myxql, "~> 0.8", [hex: :myxql, repo: "hexpm", optional: true]}, {:postgrex, "~> 0.19 or ~> 1.0", [hex: :postgrex, repo: "hexpm", optional: true]}, {:tds, "~> 2.1.1 or ~> 2.2", [hex: :tds, repo: "hexpm", optional: true]}, {:telemetry, "~> 0.4.0 or ~> 1.0", [hex: :telemetry, repo: "hexpm", optional: false]}], "hexpm", "f4d8d36faf294c9417b5a37ec7ac8217ee2abdef5fcf197ba690f361548d3949"},
  "erlex": {:hex, :erlex, "0.2.8", "cd8116f20f3c0afe376d1e8d1f0ae2452337729f68be016ea544a72f767d9c12", [:mix], [], "hexpm", "9d66ff9fedf69e49dc3fd12831e12a8a37b76f8651dd21cd45fcf5561a8a7590"},
  "ex_nar": {:hex, :ex_nar, "0.3.0", "3136d019241afc97a5da8e43613a56ac0ae30dad12df5d3bc66547e55e7453e0", [:mix], [], "hexpm", "cbb42d047764feac6c411efddcadc31866e9a998dd6e2bc1eb428cec1c49fdcd"},
  "file_system": {:hex, :file_system, "1.1.1", "31864f4685b0148f25bd3fbef2b1228457c0c89024ad67f7a81a3ffbc0bbad3a", [:mix], [], "hexpm", "7a15ff97dfe526aeefb090a7a9d3d03aa907e100e262a0f8f7746b78f8f87a5d"},
  "finch": {:hex, :finch, "0.23.0", "e3f9287ac25a8832f848b144c2b57346aac65b205e2e0629a52adfe6507fd837", [:mix], [{:mime, "~> 1.0 or ~> 2.0", [hex: :mime, repo: "hexpm", optional: false]}, {:mint, "~> 1.8", [hex: :mint, repo: "hexpm", optional: false]}, {:nimble_options, "~> 0.4 or ~> 1.0", [hex: :nimble_options, repo: "hexpm", optional: false]}, {:nimble_pool, "~> 1.1", [hex: :nimble_pool, repo: "hexpm", optional: false]}, {:telemetry, "~> 0.4 or ~> 1.0", [hex: :telemetry, repo: "hexpm", optional: false]}], "hexpm", "80e58d3f936f57e3fdf404f83a3642897ae6d9fb642934e46da4d8fe761b99d5"},
  "floki": {:hex, :floki, "0.38.4", "10f98971e892aed2c2f1b3a0f928e488e3797e1c6dd3dfd98db40b14e9a78bcf", [:mix], [], "hexpm", "bdb34645eee8e79845c7edaca2d4099a52804ee4d4a3ecc683a69451f0244973"},
  "forecastle": {:hex, :forecastle, "0.1.3", "b07d217ef10799e6d6cc7e47407858e77b1a8cb248f15185534de3403de3aa42", [:mix], [], "hexpm", "07e1ffa79c56f3e0ead59f17c0163a747dafc210ca8f244a7e65a4bfa98dc96d"},
  "gun": {:hex, :gun, "2.4.1", "c3a8bff8e155e1fc8e499216599bb7effbd27bc1985662a8b25016090dc18428", [:make, :rebar3], [{:cowlib, ">= 2.15.0 and < 3.0.0", [hex: :cowlib, repo: "hexpm", optional: false]}], "hexpm", "1450575b4d393aa0811322727b90ad1dd94b5c10026f54a1641785bcbd250384"},
  "horde": {:hex, :horde, "0.10.0", "31c6a633057c3ec4e73064d7b11ba409c9f3c518aa185377d76bee441b76ceb0", [:mix], [{:delta_crdt, "~> 0.6.2", [hex: :delta_crdt, repo: "hexpm", optional: false]}, {:libring, "~> 1.7", [hex: :libring, repo: "hexpm", optional: false]}, {:telemetry, "~> 0.4.0 or ~> 1.0", [hex: :telemetry, repo: "hexpm", optional: false]}, {:telemetry_poller, "~> 0.5.0 or ~> 1.0", [hex: :telemetry_poller, repo: "hexpm", optional: false]}], "hexpm", "0b51c435cb698cac9bf9c17391dce3ebb1376ae6154c81f077fc61db771b9432"},
  "hpax": {:hex, :hpax, "1.0.4", "777de5d433b0fbdc7c418159c8055910faa8047ffdb3d6b31098d2a46cd7685c", [:mix], [], "hexpm", "afc7cb142ebcc2d01ce7816190b98ce5dd49e799111b24249f3443d730f377ca"},
  "jason": {:hex, :jason, "1.4.5", "2e3a008590b0b8d7388c20293e9dcc9cf3e5d642fd2a114e4cbbb52e595d940a", [:mix], [{:decimal, "~> 1.0 or ~> 2.0 or ~> 3.0", [hex: :decimal, repo: "hexpm", optional: true]}], "hexpm", "b0c823996102bcd0239b3c2444eb00409b72f6a140c1950bc8b457d836b30684"},
  "libcluster": {:hex, :libcluster, "3.5.0", "5ee4cfde4bdf32b2fef271e33ce3241e89509f4344f6c6a8d4069937484866ba", [:mix], [{:jason, "~> 1.1", [hex: :jason, repo: "hexpm", optional: false]}, {:telemetry, "~> 1.3", [hex: :telemetry, repo: "hexpm", optional: false]}], "hexpm", "ebf6561fcedd765a4cd43b4b8c04b1c87f4177b5fb3cbdfe40a780499d72f743"},
  "libcluster_postgres": {:hex, :libcluster_postgres, "0.2.0", "14a5064b78f891c46935a66489454814d949a52b447fc1daff5d4a440e6f5847", [:mix], [{:libcluster, "~> 3.3", [hex: :libcluster, repo: "hexpm", optional: false]}, {:postgrex, ">= 0.0.0", [hex: :postgrex, repo: "hexpm", optional: false]}], "hexpm", "ab2e952371c5a0a0fcb263216c7eae2a2267977b3bb3236650daed3054a93edd"},
  "libring": {:hex, :libring, "1.7.0", "4f245d2f1476cd7ed8f03740f6431acba815401e40299208c7f5c640e1883bda", [:mix], [], "hexpm", "070e3593cb572e04f2c8470dd0c119bc1817a7a0a7f88229f43cf0345268ec42"},
  "logger_json": {:hex, :logger_json, "7.0.4", "e315f2b9a755504658a745f3eab90d88d2cd7ac2ecfd08c8da94d8893965ab5c", [:mix], [{:decimal, ">= 0.0.0", [hex: :decimal, repo: "hexpm", optional: true]}, {:ecto, "~> 3.11", [hex: :ecto, repo: "hexpm", optional: true]}, {:jason, "~> 1.4", [hex: :jason, repo: "hexpm", optional: true]}, {:plug, "~> 1.15", [hex: :plug, repo: "hexpm", optional: true]}, {:telemetry, "~> 1.0", [hex: :telemetry, repo: "hexpm", optional: true]}], "hexpm", "d1369f8094e372db45d50672c3b91e8888bcd695fdc444a37a0734e96717c45c"},
  "lua": {:hex, :lua, "1.0.0", "4002f6738112e2ccc1172885adba8aa40834f9e9b8d7044c5c371f26cb6e5847", [:mix], [], "hexpm", "c6a6a4727bd2d2b6f01e0b7ddf2190627cfaffc5dcca8c8684f5f13d6760ce01"},
  "luerl": {:hex, :luerl, "1.5.1", "f6700420950fc6889137e7a0c11c4a8467dea04a8c23f707a40d83566d14e786", [:rebar3], [], "hexpm", "abf88d849baa0d5dca93b245a8688d4de2ee3d588159bb2faf51e15946509390"},
  "merkle_map": {:hex, :merkle_map, "0.2.2", "f36ff730cca1f2658e317a3c73406f50bbf5ac8aff54cf837d7ca2069a6e251c", [:mix], [], "hexpm", "383107f0503f230ac9175e0631647c424efd027e89ea65ab5ea12eeb54257aaf"},
  "mime": {:hex, :mime, "2.0.7", "b8d739037be7cd402aee1ba0306edfdef982687ee7e9859bee6198c1e7e2f128", [:mix], [], "hexpm", "6171188e399ee16023ffc5b76ce445eb6d9672e2e241d2df6050f3c771e80ccd"},
  "mint": {:hex, :mint, "1.9.1", "3bc120b743ed2e99ad920910f2613e9faebabb2257731b0e2ea4d8ccd9eceede", [:mix], [{:castore, "~> 0.1.0 or ~> 1.0", [hex: :castore, repo: "hexpm", optional: true]}, {:hpax, "~> 0.1.1 or ~> 0.2.0 or ~> 1.0", [hex: :hpax, repo: "hexpm", optional: false]}], "hexpm", "831101bd560b086316fab5f7adb21a4f3455717d8e4bc8368b052e09aa9163e0"},
  "nimble_options": {:hex, :nimble_options, "1.1.1", "e3a492d54d85fc3fd7c5baf411d9d2852922f66e69476317787a7b2bb000a61b", [:mix], [], "hexpm", "821b2470ca9442c4b6984882fe9bb0389371b8ddec4d45a9504f00a66f650b44"},
  "nimble_parsec": {:hex, :nimble_parsec, "1.4.2", "8efba0122db06df95bfaa78f791344a89352ba04baedd3849593bfce4d0dc1c6", [:mix], [], "hexpm", "4b21398942dda052b403bbe1da991ccd03a053668d147d53fb8c4e0efe09c973"},
  "nimble_pool": {:hex, :nimble_pool, "1.1.0", "bf9c29fbdcba3564a8b800d1eeb5a3c58f36e1e11d7b7fb2e084a643f645f06b", [:mix], [], "hexpm", "af2e4e6b34197db81f7aad230c1118eac993acc0dae6bc83bac0126d4ae0813a"},
  "nostrum": {:git, "https://github.com/dssecret/nostrum.git", "4995ae066280e1b266e9f23b90869bb6e846e295", [branch: "test"]},
  "oban": {:hex, :oban, "2.23.0", "1867d0fa4e8c7685217b02cc2632e3ee86c93da770e9029ff71304d9e62e53d7", [:mix], [{:ecto_sql, "~> 3.10", [hex: :ecto_sql, repo: "hexpm", optional: false]}, {:ecto_sqlite3, "~> 0.9", [hex: :ecto_sqlite3, repo: "hexpm", optional: true]}, {:igniter, "~> 0.5", [hex: :igniter, repo: "hexpm", optional: true]}, {:jason, "~> 1.1", [hex: :jason, repo: "hexpm", optional: true]}, {:myxql, "~> 0.7", [hex: :myxql, repo: "hexpm", optional: true]}, {:postgrex, "~> 0.20", [hex: :postgrex, repo: "hexpm", optional: true]}, {:telemetry, "~> 1.3", [hex: :telemetry, repo: "hexpm", optional: false]}], "hexpm", "8e5f0cec5abecce78dd08cb14dc5438db90ec3884987b44773ce76fe60dd3f81"},
  "oban_met": {:hex, :oban_met, "1.2.0", "b58d4c5b6149c7c870ffe17ae98d2241bf851f21351c316f7aba03d6c1304045", [:mix], [{:oban, "~> 2.21", [hex: :oban, repo: "hexpm", optional: false]}], "hexpm", "5c81fd33beeb172603cf83bea760298eeb8709d584fbe79ae2d07b09917d6110"},
  "oban_web": {:hex, :oban_web, "2.12.6", "c8b9824dce4404647c9cf706728299083b8edb3786a82bb635ae524259e1b9fe", [:mix], [{:jason, "~> 1.2", [hex: :jason, repo: "hexpm", optional: false]}, {:oban, "~> 2.21", [hex: :oban, repo: "hexpm", optional: false]}, {:oban_met, "~> 1.1", [hex: :oban_met, repo: "hexpm", optional: false]}, {:phoenix, "~> 1.7", [hex: :phoenix, repo: "hexpm", optional: false]}, {:phoenix_html, "~> 3.3 or ~> 4.0", [hex: :phoenix_html, repo: "hexpm", optional: false]}, {:phoenix_live_view, "~> 1.0", [hex: :phoenix_live_view, repo: "hexpm", optional: false]}, {:phoenix_pubsub, "~> 2.1", [hex: :phoenix_pubsub, repo: "hexpm", optional: false]}], "hexpm", "1ade7bbbde1a731c9e4aa23f9f7c8a3f2871e734c6bc46fa4e4384688a69921d"},
  "octo_fetch": {:hex, :octo_fetch, "0.5.0", "f50701568b9fc752656367f82cc134d5fbefff37c5a0e8ddfcceb02ceee3f5fc", [:mix], [{:castore, "~> 0.1 or ~> 1.0", [hex: :castore, repo: "hexpm", optional: false]}, {:ssl_verify_fun, "~> 1.1", [hex: :ssl_verify_fun, repo: "hexpm", optional: false]}], "hexpm", "6226cc3c14ca948ee9f25fb0446322e5c288e215da9beba7899b6b5f4cd3ccb0"},
  "peep": {:hex, :peep, "4.4.0", "4b6289e7258ecf2741041068932455eb8389673bca785623621ddb6935286845", [:mix], [{:nimble_options, "~> 1.1", [hex: :nimble_options, repo: "hexpm", optional: false]}, {:plug, "~> 1.16", [hex: :plug, repo: "hexpm", optional: true]}, {:telemetry, "~> 1.0", [hex: :telemetry, repo: "hexpm", optional: false]}, {:telemetry_metrics, "~> 1.0", [hex: :telemetry_metrics, repo: "hexpm", optional: false]}], "hexpm", "f289959a9e5fcf92f5a4becaf4dd0df95c58841368f6ad0574b8ea830a7c1453"},
  "phoenix": {:hex, :phoenix, "1.8.9", "a63ed0962ed5b903b146dab0ae8eb8387fe478f8171a5e26d56a165f35996fe1", [:mix], [{:bandit, "~> 1.0", [hex: :bandit, repo: "hexpm", optional: true]}, {:jason, "~> 1.0", [hex: :jason, repo: "hexpm", optional: true]}, {:phoenix_pubsub, "~> 2.1", [hex: :phoenix_pubsub, repo: "hexpm", optional: false]}, {:phoenix_template, "~> 1.0", [hex: :phoenix_template, repo: "hexpm", optional: false]}, {:phoenix_view, "~> 2.0", [hex: :phoenix_view, repo: "hexpm", optional: true]}, {:plug, "~> 1.14", [hex: :plug, repo: "hexpm", optional: false]}, {:plug_cowboy, "~> 2.7", [hex: :plug_cowboy, repo: "hexpm", optional: true]}, {:plug_crypto, "~> 1.2 or ~> 2.0", [hex: :plug_crypto, repo: "hexpm", optional: false]}, {:telemetry, "~> 0.4 or ~> 1.0", [hex: :telemetry, repo: "hexpm", optional: false]}, {:websock_adapter, "~> 0.5", [hex: :websock_adapter, repo: "hexpm", optional: false]}], "hexpm", "3477e2dd5a4f61820341169031bdfe21275f659923bea9c5c0ea2aa1c3fcc046"},
  "phoenix_html": {:hex, :phoenix_html, "4.3.0", "d3577a5df4b6954cd7890c84d955c470b5310bb49647f0a114a6eeecc850f7ad", [:mix], [], "hexpm", "3eaa290a78bab0f075f791a46a981bbe769d94bc776869f4f3063a14f30497ad"},
  "phoenix_live_view": {:hex, :phoenix_live_view, "1.2.6", "b2b50c51993b068fe2a29eda45ca4fe67bf74f146343468485686a253c65a8da", [:mix], [{:igniter, ">= 0.6.16 and < 1.0.0-0", [hex: :igniter, repo: "hexpm", optional: true]}, {:jason, "~> 1.0", [hex: :jason, repo: "hexpm", optional: true]}, {:lazy_html, "~> 0.1.0", [hex: :lazy_html, repo: "hexpm", optional: true]}, {:phoenix, "~> 1.6.15 or ~> 1.7.0 or ~> 1.8.0", [hex: :phoenix, repo: "hexpm", optional: false]}, {:phoenix_html, "~> 3.3 or ~> 4.0", [hex: :phoenix_html, repo: "hexpm", optional: false]}, {:phoenix_template, "~> 1.0", [hex: :phoenix_template, repo: "hexpm", optional: false]}, {:phoenix_view, "~> 2.0", [hex: :phoenix_view, repo: "hexpm", optional: true]}, {:plug, "~> 1.15", [hex: :plug, repo: "hexpm", optional: false]}, {:telemetry, "~> 0.4.2 or ~> 1.0", [hex: :telemetry, repo: "hexpm", optional: false]}], "hexpm", "5dc549a78dab94e80a340c760090e9e7bab16ac47841e34f4fff5819e02cbf35"},
  "phoenix_pubsub": {:hex, :phoenix_pubsub, "2.2.0", "ff3a5616e1bed6804de7773b92cbccfc0b0f473faf1f63d7daf1206c7aeaaa6f", [:mix], [], "hexpm", "adc313a5bf7136039f63cfd9668fde73bba0765e0614cba80c06ac9460ff3e96"},
  "phoenix_template": {:hex, :phoenix_template, "1.0.4", "e2092c132f3b5e5b2d49c96695342eb36d0ed514c5b252a77048d5969330d639", [:mix], [{:phoenix_html, "~> 2.14.2 or ~> 3.0 or ~> 4.0", [hex: :phoenix_html, repo: "hexpm", optional: true]}], "hexpm", "2c0c81f0e5c6753faf5cca2f229c9709919aba34fab866d3bc05060c9c444206"},
  "plug": {:hex, :plug, "1.20.3", "56c480c633ec2ce10140e236e15233bf576e1d323887d7c96711bd02ab5160db", [:mix], [{:mime, "~> 1.0 or ~> 2.0", [hex: :mime, repo: "hexpm", optional: false]}, {:plug_crypto, "~> 1.1.1 or ~> 1.2 or ~> 2.0", [hex: :plug_crypto, repo: "hexpm", optional: false]}, {:telemetry, "~> 0.4.3 or ~> 1.0", [hex: :telemetry, repo: "hexpm", optional: false]}], "hexpm", "be266aee1b8536ef6409d58cf39a3121319f0ec47cfa1b24024485aa0e76ad76"},
  "plug_cowboy": {:hex, :plug_cowboy, "2.9.0", "87e21e0d9054ced99c36d128f49e3ea2cd8b745fffb97de50bff99706087af4f", [:mix], [{:cowboy, "~> 2.7", [hex: :cowboy, repo: "hexpm", optional: false]}, {:cowboy_telemetry, "~> 0.3", [hex: :cowboy_telemetry, repo: "hexpm", optional: false]}, {:plug, "~> 1.18", [hex: :plug, repo: "hexpm", optional: false]}], "hexpm", "2002bafba4f3a45b55a58e68d70211b153a7ed18d37edb1ceb6e96e7a92c422e"},
  "plug_crypto": {:hex, :plug_crypto, "2.1.1", "19bda8184399cb24afa10be734f84a16ea0a2bc65054e23a62bb10f06bc89491", [:mix], [], "hexpm", "6470bce6ffe41c8bd497612ffde1a7e4af67f36a15eea5f921af71cf3e11247c"},
  "postgrex": {:hex, :postgrex, "0.22.3", "bf65941737ee7a9adbe4a64c91080310d11703da343e8ac9188aacb9eb9f6f02", [:mix], [{:db_connection, "~> 2.9", [hex: :db_connection, repo: "hexpm", optional: false]}, {:decimal, "~> 1.5 or ~> 2.0 or ~> 3.0", [hex: :decimal, repo: "hexpm", optional: false]}, {:jason, "~> 1.0", [hex: :jason, repo: "hexpm", optional: true]}, {:table, "~> 0.1.0", [hex: :table, repo: "hexpm", optional: true]}], "hexpm", "f018c13752b2b46e8d35d7e2d84c3276557cbfd880769109021a1d0ee36c1cfe"},
  "process_tree": {:hex, :process_tree, "0.3.0", "0eb58ec68f3d22a4f36040b0374469464c95fae5465c011b55bea01649b0bd70", [:mix], [], "hexpm", "6cb3b7be9c7d74b28a9f6e0f03115d5953e6bbda44be2b6fd9e667020870eb86"},
  "prom_ex": {:hex, :prom_ex, "1.12.0", "a82cbd5b49964e4d4295ab72a18e007aadd5f4a91630b7c49fad42cc7e49c880", [:mix], [{:absinthe, ">= 1.8.0", [hex: :absinthe, repo: "hexpm", optional: true]}, {:broadway, ">= 1.1.0", [hex: :broadway, repo: "hexpm", optional: true]}, {:ecto, ">= 3.14.0", [hex: :ecto, repo: "hexpm", optional: true]}, {:finch, "~> 0.18", [hex: :finch, repo: "hexpm", optional: false]}, {:jason, "~> 1.4", [hex: :jason, repo: "hexpm", optional: false]}, {:oban, ">= 2.10.0", [hex: :oban, repo: "hexpm", optional: true]}, {:octo_fetch, "~> 0.4", [hex: :octo_fetch, repo: "hexpm", optional: false]}, {:peep, "~> 3.0 or ~> 4.0", [hex: :peep, repo: "hexpm", optional: false]}, {:phoenix, ">= 1.7.0", [hex: :phoenix, repo: "hexpm", optional: true]}, {:phoenix_live_view, ">= 0.20.0", [hex: :phoenix_live_view, repo: "hexpm", optional: true]}, {:plug, ">= 1.16.0", [hex: :plug, repo: "hexpm", optional: true]}, {:plug_cowboy, ">= 2.6.0", [hex: :plug_cowboy, repo: "hexpm", optional: true]}, {:telemetry, ">= 1.0.0", [hex: :telemetry, repo: "hexpm", optional: false]}, {:telemetry_metrics, "~> 1.0", [hex: :telemetry_metrics, repo: "hexpm", optional: false]}, {:telemetry_metrics_prometheus_core, "~> 1.2", [hex: :telemetry_metrics_prometheus_core, repo: "hexpm", optional: false]}, {:telemetry_poller, "~> 1.1", [hex: :telemetry_poller, repo: "hexpm", optional: false]}], "hexpm", "6357484941489ba2fee64bb1e9f2a1e86309545304f9e90144e3c10e553c958b"},
  "ranch": {:hex, :ranch, "2.2.0", "25528f82bc8d7c6152c57666ca99ec716510fe0925cb188172f41ce93117b1b0", [:make, :rebar3], [], "hexpm", "fa0b99a1780c80218a4197a59ea8d3bdae32fbff7e88527d7d8a4787eff4f8e7"},
  "salchicha": {:hex, :salchicha, "0.5.0", "b05b404550b433494fce1abdb23314afa1f1c72aef898f2c77de6554cf58235e", [:mix], [], "hexpm", "b3e0575cd5a01672d9cefc4ec50bd56662a4d970e2ae39d8de6cf82f09012fc8"},
  "solid": {:hex, :solid, "0.18.0", "6b20770ab046b0f202bae7454f84013392a93000c719383306eac7514400de7e", [:mix], [{:nimble_parsec, "~> 1.0", [hex: :nimble_parsec, repo: "hexpm", optional: false]}], "hexpm", "7704681c11c880308fe1337acf7690083f884076b612d38b7dccb5a1bd016068"},
  "sourceror": {:hex, :sourceror, "1.12.0", "da354c5f35aad3cc1132f5d5b0d8437d865e2661c263260480bab51b5eedb437", [:mix], [], "hexpm", "755703683bd014ebcd5de9acc24b68fb874a660a568d1d63f8f98cd8a6ef9cd0"},
  "ssl_verify_fun": {:hex, :ssl_verify_fun, "1.1.7", "354c321cf377240c7b8716899e182ce4890c5938111a1296add3ec74cf1715df", [:make, :mix, :rebar3], [], "hexpm", "fe4c190e8f37401d30167c8c405eda19469f34577987c76dde613e838bbc67f8"},
  "telemetry": {:hex, :telemetry, "1.4.2", "a0cb522801dffb1c49fe6e30561badffc7b6d0e180db1300df759faa22062855", [:rebar3], [], "hexpm", "928f6495066506077862c0d1646609eed891a4326bee3126ba54b60af61febb1"},
  "telemetry_metrics": {:hex, :telemetry_metrics, "1.1.0", "5bd5f3b5637e0abea0426b947e3ce5dd304f8b3bc6617039e2b5a008adc02f8f", [:mix], [{:telemetry, "~> 0.4 or ~> 1.0", [hex: :telemetry, repo: "hexpm", optional: false]}], "hexpm", "e7b79e8ddfde70adb6db8a6623d1778ec66401f366e9a8f5dd0955c56bc8ce67"},
  "telemetry_metrics_prometheus_core": {:hex, :telemetry_metrics_prometheus_core, "1.2.1", "c9755987d7b959b557084e6990990cb96a50d6482c683fb9622a63837f3cd3d8", [:mix], [{:telemetry, "~> 0.4 or ~> 1.0", [hex: :telemetry, repo: "hexpm", optional: false]}, {:telemetry_metrics, "~> 0.6 or ~> 1.0", [hex: :telemetry_metrics, repo: "hexpm", optional: false]}], "hexpm", "5e2c599da4983c4f88a33e9571f1458bf98b0cf6ba930f1dc3a6e8cf45d5afb6"},
  "telemetry_poller": {:hex, :telemetry_poller, "1.3.0", "d5c46420126b5ac2d72bc6580fb4f537d35e851cc0f8dbd571acf6d6e10f5ec7", [:rebar3], [{:telemetry, "~> 1.0", [hex: :telemetry, repo: "hexpm", optional: false]}], "hexpm", "51f18bed7128544a50f75897db9974436ea9bfba560420b646af27a9a9b35211"},
  "thousand_island": {:hex, :thousand_island, "1.5.0", "f50a213cac97262b6d5ebb85745aa2c00fec1413191e6e66834788d45425cecb", [:mix], [{:telemetry, "~> 0.4 or ~> 1.0", [hex: :telemetry, repo: "hexpm", optional: false]}], "hexpm", "708923d40523e43cf99041ab37a0d4b0ec426ac6438fa3716ab23d919eaeb412"},
  "tornex": {:git, "https://github.com/Tornium/Tornex.git", "6f56a185d6bdbcdc923c2285b10b55060254177f", [ref: "6f56a185d6bdbcdc923c2285b10b55060254177f"]},
  "torngen": {:hex, :torngen, "0.1.11", "76dc4c3d6256e3e3680bd3dd610134199138755390dec4395ab0a0fb8c36853b", [:mix], [{:plug, "~> 1.18", [hex: :plug, repo: "hexpm", optional: false]}], "hexpm", "d6c087af5dee1d5951fcee72fddd0dbe92c11485a0b9d047a6ccb0f5ef13f04c"},
  "torngen_elixir_client": {:hex, :torngen_elixir_client, "6.0.0", "b370e6c73cc9e9c1f2d5fbdccf47500de84a50485400d9b295f39c54b5e9fdc0", [:mix], [{:torngen, "~> 0.1", [hex: :torngen, repo: "hexpm", optional: false]}], "hexpm", "745ee93dc2cf0ef748ed27fec6bf8d493e795cd58702542cc3c474ef24c383d4"},
  "typed_struct": {:hex, :typed_struct, "0.3.0", "939789e3c1dca39d7170c87f729127469d1315dcf99fee8e152bb774b17e7ff7", [:mix], [], "hexpm", "c50bd5c3a61fe4e198a8504f939be3d3c85903b382bde4865579bc23111d1b6d"},
  "websock": {:hex, :websock, "0.5.3", "2f69a6ebe810328555b6fe5c831a851f485e303a7c8ce6c5f675abeb20ebdadc", [:mix], [], "hexpm", "6105453d7fac22c712ad66fab1d45abdf049868f253cf719b625151460b8b453"},
  "websock_adapter": {:hex, :websock_adapter, "0.6.0", "73db5ab8aaefd1a876a97ce3e6afc96562625de69ef17a4e04426e034849d0b8", [:mix], [{:bandit, ">= 0.6.0", [hex: :bandit, repo: "hexpm", optional: true]}, {:plug, "~> 1.14", [hex: :plug, repo: "hexpm", optional: false]}, {:plug_cowboy, "~> 2.6", [hex: :plug_cowboy, repo: "hexpm", optional: true]}, {:websock, "~> 0.5", [hex: :websock, repo: "hexpm", optional: false]}], "hexpm", "50021a85bce8f203b086705d9e0c5415e2c7eb05d319111b0428fe71f9934617"},
}
